// !$*UTF8*$!
{
	archiveVersion = 1;
	classes = {
	};
	objectVersion = 46;
	objects = {

/* Begin PBXBuildFile section */
		B37D8B1C1F65F4E200EECFC2 /* AppDelegate.swift in Sources */ = {isa = PBXBuildFile; fileRef = B37D8B1B1F65F4E200EECFC2 /* AppDelegate.swift */; };
		B37D8B1E1F65F4E200EECFC2 /* ViewController.swift in Sources */ = {isa = PBXBuildFile; fileRef = B37D8B1D1F65F4E200EECFC2 /* ViewController.swift */; };
		B37D8B211F65F4E200EECFC2 /* Main.storyboard in Resources */ = {isa = PBXBuildFile; fileRef = B37D8B1F1F65F4E200EECFC2 /* Main.storyboard */; };
		B37D8B231F65F4E200EECFC2 /* Assets.xcassets in Resources */ = {isa = PBXBuildFile; fileRef = B37D8B221F65F4E200EECFC2 /* Assets.xcassets */; };
		B37D8B261F65F4E200EECFC2 /* LaunchScreen.storyboard in Resources */ = {isa = PBXBuildFile; fileRef = B37D8B241F65F4E200EECFC2 /* LaunchScreen.storyboard */; };
/* End PBXBuildFile section */

/* Begin PBXFileReference section */
		B37D8B181F65F4E200EECFC2 /* storyboards_and_scenes.app */ = {isa = PBXFileReference; explicitFileType = wrapper.application; includeInIndex = 0; path = storyboards_and_scenes.app; sourceTree = BUILT_PRODUCTS_DIR; };
		B37D8B1B1F65F4E200EECFC2 /* AppDelegate.swift */ = {isa = PBXFileReference; lastKnownFileType = sourcecode.swift; path = AppDelegate.swift; sourceTree = "<group>"; };
		B37D8B1D1F65F4E200EECFC2 /* ViewController.swift */ = {isa = PBXFileReference; lastKnownFileType = sourcecode.swift; path = ViewController.swift; sourceTree = "<group>"; };
		B37D8B201F65F4E200EECFC2 /* Base */ = {isa = PBXFileReference; lastKnownFileType = file.storyboard; name = Base; path = Base.lproj/Main.storyboard; sourceTree = "<group>"; };
		B37D8B221F65F4E200EECFC2 /* Assets.xcassets */ = {isa = PBXFileReference; lastKnownFileType = folder.assetcatalog; path = Assets.xcassets; sourceTree = "<group>"; };
		B37D8B251F65F4E200EECFC2 /* Base */ = {isa = PBXFileReference; lastKnownFileType = file.storyboard; name = Base; path = Base.lproj/LaunchScreen.storyboard; sourceTree = "<group>"; };
		B37D8B271F65F4E200EECFC2 /* Info.plist */ = {isa = PBXFileReference; lastKnownFileType = text.plist.xml; path = Info.plist; sourceTree = "<group>"; };
/* End PBXFileReference section */

/* Begin PBXFrameworksBuildPhase section */
		B37D8B151F65F4E200EECFC2 /* Frameworks */ = {
			isa = PBXFrameworksBuildPhase;
			buildActionMask = 2147483647;
			files = (
			);
			runOnlyForDeploymentPostprocessing = 0;
		};
/* End PBXFrameworksBuildPhase section */

/* Begin PBXGroup section */
		B37D8B0F1F65F4E200EECFC2 = {
			isa = PBXGroup;
			children = (
				B37D8B1A1F65F4E200EECFC2 /* storyboards_and_scenes */,
				B37D8B191F65F4E200EECFC2 /* Products */,
			);
			sourceTree = "<group>";
		};
		B37D8B191F65F4E200EECFC2 /* Products */ = {
			isa = PBXGroup;
			children = (
				B37D8B181F65F4E200EECFC2 /* storyboards_and_scenes.app */,
			);
			name = Products;
			sourceTree = "<group>";
		};
		B37D8B1A1F65F4E200EECFC2 /* storyboards_and_scenes */ = {
			isa = PBXGroup;
			children = (
				B37D8B1B1F65F4E200EECFC2 /* AppDelegate.swift */,
				B37D8B1D1F65F4E200EECFC2 /* ViewController.swift */,
				B37D8B1F1F65F4E200EECFC2 /* Main.storyboard */,
				B37D8B221F65F4E200EECFC2 /* Assets.xcassets */,
				B37D8B241F65F4E200EECFC2 /* LaunchScreen.storyboard */,
				B37D8B271F65F4E200EECFC2 /* Info.plist */,
			);
			path = storyboards_and_scenes;
			sourceTree = "<group>";
		};
/* End PBXGroup section */

/* Begin PBXNativeTarget section */
		B37D8B171F65F4E200EECFC2 /* storyboards_and_scenes */ = {
			isa = PBXNativeTarget;
			buildConfigurationList = B37D8B2A1F65F4E200EECFC2 /* Build configuration list for PBXNativeTarget "storyboards_and_scenes" */;
			buildPhases = (
				B37D8B141F65F4E200EECFC2 /* Sources */,
				B37D8B151F65F4E200EECFC2 /* Frameworks */,
				B37D8B161F65F4E200EECFC2 /* Resources */,
			);
			buildRules = (
			);
			dependencies = (
			);
			name = storyboards_and_scenes;
			productName = storyboards_and_scenes;
			productReference = B37D8B181F65F4E200EECFC2 /* storyboards_and_scenes.app */;
			productType = "com.apple.product-type.application";
		};
/* End PBXNativeTarget section */

/* Begin PBXProject section */
		B37D8B101F65F4E200EECFC2 /* Project object */ = {
			isa = PBXProject;
			attributes = {
				LastSwiftUpdateCheck = 0830;
				LastUpgradeCheck = 0830;
				ORGANIZATIONNAME = "Juan Murillo";
				TargetAttributes = {
					B37D8B171F65F4E200EECFC2 = {
						CreatedOnToolsVersion = 8.3.3;
						ProvisioningStyle = Automatic;
					};
				};
			};
			buildConfigurationList = B37D8B131F65F4E200EECFC2 /* Build configuration list for PBXProject "storyboards_and_scenes" */;
			compatibilityVersion = "Xcode 3.2";
			developmentRegion = English;
			hasScannedForEncodings = 0;
			knownRegions = (
				en,
				Base,
			);
			mainGroup = B37D8B0F1F65F4E200EECFC2;
			productRefGroup = B37D8B191F65F4E200EECFC2 /* Products */;
			projectDirPath = "";
			projectRoot = "";
			targets = (
				B37D8B171F65F4E200EECFC2 /* storyboards_and_scenes */,
			);
		};
/* End PBXProject section */

/* Begin PBXResourcesBuildPhase section */
		B37D8B161F65F4E200EECFC2 /* Resources */ = {
			isa = PBXResourcesBuildPhase;
			buildActionMask = 2147483647;
			files = (
				B37D8B261F65F4E200EECFC2 /* LaunchScreen.storyboard in Resources */,
				B37D8B231F65F4E200EECFC2 /* Assets.xcassets in Resources */,
				B37D8B211F65F4E200EECFC2 /* Main.storyboard in Resources */,
			);
			runOnlyForDeploymentPostprocessing = 0;
		};
/* End PBXResourcesBuildPhase section */

/* Begin PBXSourcesBuildPhase section */
		B37D8B141F65F4E200EECFC2 /* Sources */ = {
			isa = PBXSourcesBuildPhase;
			buildActionMask = 2147483647;
			files = (
				B37D8B1E1F65F4E200EECFC2 /* ViewController.swift in Sources */,
				B37D8B1C1F65F4E200EECFC2 /* AppDelegate.swift in Sources */,
			);
			runOnlyForDeploymentPostprocessing = 0;
		};
/* End PBXSourcesBuildPhase section */

/* Begin PBXVariantGroup section */
		B37D8B1F1F65F4E200EECFC2 /* Main.storyboard */ = {
			isa = PBXVariantGroup;
			children = (
				B37D8B201F65F4E200EECFC2 /* Base */,
			);
			name = Main.storyboard;
			sourceTree = "<group>";
		};
		B37D8B241F65F4E200EECFC2 /* LaunchScreen.storyboard */ = {
			isa = PBXVariantGroup;
			children = (
				B37D8B251F65F4E200EECFC2 /* Base */,
			);
			name = LaunchScreen.storyboard;
			sourceTree = "<group>";
		};
/* End PBXVariantGroup section */

/* Begin XCBuildConfiguration section */
		B37D8B281F65F4E200EECFC2 /* Debug */ = {
			isa = XCBuildConfiguration;
			buildSettings = {
				ALWAYS_SEARCH_USER_PATHS = NO;
				CLANG_ANALYZER_NONNULL = YES;
				CLANG_ANALYZER_NUMBER_OBJECT_CONVERSION = YES_AGGRESSIVE;
				CLANG_CXX_LANGUAGE_STANDARD = "gnu++0x";
				CLANG_CXX_LIBRARY = "libc++";
				CLANG_ENABLE_MODULES = YES;
				CLANG_ENABLE_OBJC_ARC = YES;
				CLANG_WARN_BOOL_CONVERSION = YES;
				CLANG_WARN_CONSTANT_CONVERSION = YES;
				CLANG_WARN_DIRECT_OBJC_ISA_USAGE = YES_ERROR;
				CLANG_WARN_DOCUMENTATION_COMMENTS = YES;
				CLANG_WARN_EMPTY_BODY = YES;
				CLANG_WARN_ENUM_CONVERSION = YES;
				CLANG_WARN_INFINITE_RECURSION = YES;
				CLANG_WARN_INT_CONVERSION = YES;
				CLANG_WARN_OBJC_ROOT_CLASS = YES_ERROR;
				CLANG_WARN_SUSPICIOUS_MOVE = YES;
				CLANG_WARN_UNREACHABLE_CODE = YES;
				CLANG_WARN__DUPLICATE_METHOD_MATCH = YES;
				"CODE_SIGN_IDENTITY[sdk=iphoneos*]" = "iPhone Developer";
				COPY_PHASE_STRIP = NO;
				DEBUG_INFORMATION_FORMAT = dwarf;
				ENABLE_STRICT_OBJC_MSGSEND = YES;
				ENABLE_TESTABILITY = YES;
				GCC_C_LANGUAGE_STANDARD = gnu99;
				GCC_DYNAMIC_NO_PIC = NO;
				GCC_NO_COMMON_BLOCKS = YES;
				GCC_OPTIMIZATION_LEVEL = 0;
				GCC_PREPROCESSOR_DEFINITIONS = (
					"DEBUG=1",
					"$(inherited)",
				);
				GCC_WARN_64_TO_32_BIT_CONVERSION = YES;
				GCC_WARN_ABOUT_RETURN_TYPE = YES_ERROR;
				GCC_WARN_UNDECLARED_SELECTOR = YES;
				GCC_WARN_UNINITIALIZED_AUTOS = YES_AGGRESSIVE;
				GCC_WARN_UNUSED_FUNCTION = YES;
				GCC_WARN_UNUSED_VARIABLE = YES;
				IPHONEOS_DEPLOYMENT_TARGET = 10.3;
				MTL_ENABLE_DEBUG_INFO = YES;
				ONLY_ACTIVE_ARCH = YES;
				SDKROOT = iphoneos;
				SWIFT_ACTIVE_COMPILATION_CONDITIONS = DEBUG;
				SWIFT_OPTIMIZATION_LEVEL = "-Onone";
				TARGETED_DEVICE_FAMILY = "1,2";
			};
			name = Debug;
		};
		B37D8B291F65F4E200EECFC2 /* Release */ = {
			isa = XCBuildConfiguration;
			buildSettings = {
				ALWAYS_SEARCH_USER_PATHS = NO;
				CLANG_ANALYZER_NONNULL = YES;
				CLANG_ANALYZER_NUMBER_OBJECT_CONVERSION = YES_AGGRESSIVE;
				CLANG_CXX_LANGUAGE_STANDARD = "gnu++0x";
				CLANG_CXX_LIBRARY = "libc++";
				CLANG_ENABLE_MODULES = YES;
				CLANG_ENABLE_OBJC_ARC = YES;
				CLANG_WARN_BOOL_CONVERSION = YES;
				CLANG_WARN_CONSTANT_CONVERSION = YES;
				CLANG_WARN_DIRECT_OBJC_ISA_USAGE = YES_ERROR;
				CLANG_WARN_DOCUMENTATION_COMMENTS = YES;
				CLANG_WARN_EMPTY_BODY = YES;
				CLANG_WARN_ENUM_CONVERSION = YES;
				CLANG_WARN_INFINITE_RECURSION = YES;
				CLANG_WARN_INT_CONVERSION = YES;
				CLANG_WARN_OBJC_ROOT_CLASS = YES_ERROR;
				CLANG_WARN_SUSPICIOUS_MOVE = YES;
				CLANG_WARN_UNREACHABLE_CODE = YES;
				CLANG_WARN__DUPLICATE_METHOD_MATCH = YES;
				"CODE_SIGN_IDENTITY[sdk=iphoneos*]" = "iPhone Developer";
				COPY_PHASE_STRIP = NO;
				DEBUG_INFORMATION_FORMAT = "dwarf-with-dsym";
				ENABLE_NS_ASSERTIONS = NO;
				ENABLE_STRICT_OBJC_MSGSEND = YES;
				GCC_C_LANGUAGE_STANDARD = gnu99;
				GCC_NO_COMMON_BLOCKS = YES;
				GCC_WARN_64_TO_32_BIT_CONVERSION = YES;
				GCC_WARN_ABOUT_RETURN_TYPE = YES_ERROR;
				GCC_WARN_UNDECLARED_SELECTOR = YES;
				GCC_WARN_UNINITIALIZED_AUTOS = YES_AGGRESSIVE;
				GCC_WARN_UNUSED_FUNCTION = YES;
				GCC_WARN_UNUSED_VARIABLE = YES;
				IPHONEOS_DEPLOYMENT_TARGET = 10.3;
				MTL_ENABLE_DEBUG_INFO = NO;
				SDKROOT = iphoneos;
				SWIFT_OPTIMIZATION_LEVEL = "-Owholemodule";
				TARGETED_DEVICE_FAMILY = "1,2";
				VALIDATE_PRODUCT = YES;
			};
			name = Release;
		};
		B37D8B2B1F65F4E200EECFC2 /* Debug */ = {
			isa = XCBuildConfiguration;
			buildSettings = {
				ASSETCATALOG_COMPILER_APPICON_NAME = AppIcon;
				INFOPLIST_FILE = storyboards_and_scenes/Info.plist;
				LD_RUNPATH_SEARCH_PATHS = "$(inherited) @executable_path/Frameworks";
				PRODUCT_BUNDLE_IDENTIFIER = "juanmurillo.storyboards-and-scenes";
				PRODUCT_NAME = "$(TARGET_NAME)";
				SWIFT_VERSION = 3.0;
			};
			name = Debug;
		};
		B37D8B2C1F65F4E200EECFC2 /* Release */ = {
			isa = XCBuildConfiguration;
			buildSettings = {
				ASSETCATALOG_COMPILER_APPICON_NAME = AppIcon;
				INFOPLIST_FILE = storyboards_and_scenes/Info.plist;
				LD_RUNPATH_SEARCH_PATHS = "$(inherited) @executable_path/Frameworks";
				PRODUCT_BUNDLE_IDENTIFIER = "juanmurillo.storyboards-and-scenes";
				PRODUCT_NAME = "$(TARGET_NAME)";
				SWIFT_VERSION = 3.0;
			};
			name = Release;
		};
/* End XCBuildConfiguration section */

/* Begin XCConfigurationList section */
		B37D8B131F65F4E200EECFC2 /* Build configuration list for PBXProject "storyboards_and_scenes" */ = {
			isa = XCConfigurationList;
			buildConfigurations = (
				B37D8B281F65F4E200EECFC2 /* Debug */,
				B37D8B291F65F4E200EECFC2 /* Release */,
			);
			defaultConfigurationIsVisible = 0;
			defaultConfigurationName = Release;
		};
		B37D8B2A1F65F4E200EECFC2 /* Build configuration list for PBXNativeTarget "storyboards_and_scenes" */ = {
			isa = XCConfigurationList;
			buildConfigurations = (
				B37D8B2B1F65F4E200EECFC2 /* Debug */,
				B37D8B2C1F65F4E200EECFC2 /* Release */,
			);
			defaultConfigurationIsVisible = 0;
		};
/* End XCConfigurationList section */
	};
	rootObject = B37D8B101F65F4E200EECFC2 /* Project object */;
}
