// !$*UTF8*$!
{
	archiveVersion = 1;
	classes = {
	};
	objectVersion = 46;
	objects = {

/* Begin PBXBuildFile section */
		B3EAA65E1F5734BF001BC71B /* AppDelegate.swift in Sources */ = {isa = PBXBuildFile; fileRef = B3EAA65D1F5734BF001BC71B /* AppDelegate.swift */; };
		B3EAA6601F5734BF001BC71B /* ViewController.swift in Sources */ = {isa = PBXBuildFile; fileRef = B3EAA65F1F5734BF001BC71B /* ViewController.swift */; };
		B3EAA6631F5734BF001BC71B /* Main.storyboard in Resources */ = {isa = PBXBuildFile; fileRef = B3EAA6611F5734BF001BC71B /* Main.storyboard */; };
		B3EAA6651F5734BF001BC71B /* Assets.xcassets in Resources */ = {isa = PBXBuildFile; fileRef = B3EAA6641F5734BF001BC71B /* Assets.xcassets */; };
		B3EAA6681F5734BF001BC71B /* LaunchScreen.storyboard in Resources */ = {isa = PBXBuildFile; fileRef = B3EAA6661F5734BF001BC71B /* LaunchScreen.storyboard */; };
/* End PBXBuildFile section */

/* Begin PBXFileReference section */
		B3EAA65A1F5734BF001BC71B /* Restrictions.app */ = {isa = PBXFileReference; explicitFileType = wrapper.application; includeInIndex = 0; path = Restrictions.app; sourceTree = BUILT_PRODUCTS_DIR; };
		B3EAA65D1F5734BF001BC71B /* AppDelegate.swift */ = {isa = PBXFileReference; lastKnownFileType = sourcecode.swift; path = AppDelegate.swift; sourceTree = "<group>"; };
		B3EAA65F1F5734BF001BC71B /* ViewController.swift */ = {isa = PBXFileReference; lastKnownFileType = sourcecode.swift; path = ViewController.swift; sourceTree = "<group>"; };
		B3EAA6621F5734BF001BC71B /* Base */ = {isa = PBXFileReference; lastKnownFileType = file.storyboard; name = Base; path = Base.lproj/Main.storyboard; sourceTree = "<group>"; };
		B3EAA6641F5734BF001BC71B /* Assets.xcassets */ = {isa = PBXFileReference; lastKnownFileType = folder.assetcatalog; path = Assets.xcassets; sourceTree = "<group>"; };
		B3EAA6671F5734BF001BC71B /* Base */ = {isa = PBXFileReference; lastKnownFileType = file.storyboard; name = Base; path = Base.lproj/LaunchScreen.storyboard; sourceTree = "<group>"; };
		B3EAA6691F5734BF001BC71B /* Info.plist */ = {isa = PBXFileReference; lastKnownFileType = text.plist.xml; path = Info.plist; sourceTree = "<group>"; };
/* End PBXFileReference section */

/* Begin PBXFrameworksBuildPhase section */
		B3EAA6571F5734BF001BC71B /* Frameworks */ = {
			isa = PBXFrameworksBuildPhase;
			buildActionMask = 2147483647;
			files = (
			);
			runOnlyForDeploymentPostprocessing = 0;
		};
/* End PBXFrameworksBuildPhase section */

/* Begin PBXGroup section */
		B3EAA6511F5734BF001BC71B = {
			isa = PBXGroup;
			children = (
				B3EAA65C1F5734BF001BC71B /* Restrictions */,
				B3EAA65B1F5734BF001BC71B /* Products */,
			);
			sourceTree = "<group>";
		};
		B3EAA65B1F5734BF001BC71B /* Products */ = {
			isa = PBXGroup;
			children = (
				B3EAA65A1F5734BF001BC71B /* Restrictions.app */,
			);
			name = Products;
			sourceTree = "<group>";
		};
		B3EAA65C1F5734BF001BC71B /* Restrictions */ = {
			isa = PBXGroup;
			children = (
				B3EAA65D1F5734BF001BC71B /* AppDelegate.swift */,
				B3EAA65F1F5734BF001BC71B /* ViewController.swift */,
				B3EAA6611F5734BF001BC71B /* Main.storyboard */,
				B3EAA6641F5734BF001BC71B /* Assets.xcassets */,
				B3EAA6661F5734BF001BC71B /* LaunchScreen.storyboard */,
				B3EAA6691F5734BF001BC71B /* Info.plist */,
			);
			path = Restrictions;
			sourceTree = "<group>";
		};
/* End PBXGroup section */

/* Begin PBXNativeTarget section */
		B3EAA6591F5734BF001BC71B /* Restrictions */ = {
			isa = PBXNativeTarget;
			buildConfigurationList = B3EAA66C1F5734BF001BC71B /* Build configuration list for PBXNativeTarget "Restrictions" */;
			buildPhases = (
				B3EAA6561F5734BF001BC71B /* Sources */,
				B3EAA6571F5734BF001BC71B /* Frameworks */,
				B3EAA6581F5734BF001BC71B /* Resources */,
			);
			buildRules = (
			);
			dependencies = (
			);
			name = Restrictions;
			productName = Restrictions;
			productReference = B3EAA65A1F5734BF001BC71B /* Restrictions.app */;
			productType = "com.apple.product-type.application";
		};
/* End PBXNativeTarget section */

/* Begin PBXProject section */
		B3EAA6521F5734BF001BC71B /* Project object */ = {
			isa = PBXProject;
			attributes = {
				LastSwiftUpdateCheck = 0830;
				LastUpgradeCheck = 0830;
				ORGANIZATIONNAME = "Juan Murillo";
				TargetAttributes = {
					B3EAA6591F5734BF001BC71B = {
						CreatedOnToolsVersion = 8.3.3;
						ProvisioningStyle = Automatic;
					};
				};
			};
			buildConfigurationList = B3EAA6551F5734BF001BC71B /* Build configuration list for PBXProject "Restrictions" */;
			compatibilityVersion = "Xcode 3.2";
			developmentRegion = English;
			hasScannedForEncodings = 0;
			knownRegions = (
				en,
				Base,
			);
			mainGroup = B3EAA6511F5734BF001BC71B;
			productRefGroup = B3EAA65B1F5734BF001BC71B /* Products */;
			projectDirPath = "";
			projectRoot = "";
			targets = (
				B3EAA6591F5734BF001BC71B /* Restrictions */,
			);
		};
/* End PBXProject section */

/* Begin PBXResourcesBuildPhase section */
		B3EAA6581F5734BF001BC71B /* Resources */ = {
			isa = PBXResourcesBuildPhase;
			buildActionMask = 2147483647;
			files = (
				B3EAA6681F5734BF001BC71B /* LaunchScreen.storyboard in Resources */,
				B3EAA6651F5734BF001BC71B /* Assets.xcassets in Resources */,
				B3EAA6631F5734BF001BC71B /* Main.storyboard in Resources */,
			);
			runOnlyForDeploymentPostprocessing = 0;
		};
/* End PBXResourcesBuildPhase section */

/* Begin PBXSourcesBuildPhase section */
		B3EAA6561F5734BF001BC71B /* Sources */ = {
			isa = PBXSourcesBuildPhase;
			buildActionMask = 2147483647;
			files = (
				B3EAA6601F5734BF001BC71B /* ViewController.swift in Sources */,
				B3EAA65E1F5734BF001BC71B /* AppDelegate.swift in Sources */,
			);
			runOnlyForDeploymentPostprocessing = 0;
		};
/* End PBXSourcesBuildPhase section */

/* Begin PBXVariantGroup section */
		B3EAA6611F5734BF001BC71B /* Main.storyboard */ = {
			isa = PBXVariantGroup;
			children = (
				B3EAA6621F5734BF001BC71B /* Base */,
			);
			name = Main.storyboard;
			sourceTree = "<group>";
		};
		B3EAA6661F5734BF001BC71B /* LaunchScreen.storyboard */ = {
			isa = PBXVariantGroup;
			children = (
				B3EAA6671F5734BF001BC71B /* Base */,
			);
			name = LaunchScreen.storyboard;
			sourceTree = "<group>";
		};
/* End PBXVariantGroup section */

/* Begin XCBuildConfiguration section */
		B3EAA66A1F5734BF001BC71B /* Debug */ = {
			isa = XCBuildConfiguration;
			buildSettings = {
				ALWAYS_SEARCH_USER_PATHS = NO;
				CLANG_ANALYZER_NONNULL = YES;
				CLANG_ANALYZER_NUMBER_OBJECT_CONVERSION = YES_AGGRESSIVE;
				CLANG_CXX_LANGUAGE_STANDARD = "gnu++0x";
				CLANG_CXX_LIBRARY = "libc++";
				CLANG_ENABLE_MODULES = YES;
				CLANG_ENABLE_OBJC_ARC = YES;
				CLANG_WARN_BOOL_CONVERSION = YES;
				CLANG_WARN_CONSTANT_CONVERSION = YES;
				CLANG_WARN_DIRECT_OBJC_ISA_USAGE = YES_ERROR;
				CLANG_WARN_DOCUMENTATION_COMMENTS = YES;
				CLANG_WARN_EMPTY_BODY = YES;
				CLANG_WARN_ENUM_CONVERSION = YES;
				CLANG_WARN_INFINITE_RECURSION = YES;
				CLANG_WARN_INT_CONVERSION = YES;
				CLANG_WARN_OBJC_ROOT_CLASS = YES_ERROR;
				CLANG_WARN_SUSPICIOUS_MOVE = YES;
				CLANG_WARN_UNREACHABLE_CODE = YES;
				CLANG_WARN__DUPLICATE_METHOD_MATCH = YES;
				"CODE_SIGN_IDENTITY[sdk=iphoneos*]" = "iPhone Developer";
				COPY_PHASE_STRIP = NO;
				DEBUG_INFORMATION_FORMAT = dwarf;
				ENABLE_STRICT_OBJC_MSGSEND = YES;
				ENABLE_TESTABILITY = YES;
				GCC_C_LANGUAGE_STANDARD = gnu99;
				GCC_DYNAMIC_NO_PIC = NO;
				GCC_NO_COMMON_BLOCKS = YES;
				GCC_OPTIMIZATION_LEVEL = 0;
				GCC_PREPROCESSOR_DEFINITIONS = (
					"DEBUG=1",
					"$(inherited)",
				);
				GCC_WARN_64_TO_32_BIT_CONVERSION = YES;
				GCC_WARN_ABOUT_RETURN_TYPE = YES_ERROR;
				GCC_WARN_UNDECLARED_SELECTOR = YES;
				GCC_WARN_UNINITIALIZED_AUTOS = YES_AGGRESSIVE;
				GCC_WARN_UNUSED_FUNCTION = YES;
				GCC_WARN_UNUSED_VARIABLE = YES;
				IPHONEOS_DEPLOYMENT_TARGET = 10.3;
				MTL_ENABLE_DEBUG_INFO = YES;
				ONLY_ACTIVE_ARCH = YES;
				SDKROOT = iphoneos;
				SWIFT_ACTIVE_COMPILATION_CONDITIONS = DEBUG;
				SWIFT_OPTIMIZATION_LEVEL = "-Onone";
			};
			name = Debug;
		};
		B3EAA66B1F5734BF001BC71B /* Release */ = {
			isa = XCBuildConfiguration;
			buildSettings = {
				ALWAYS_SEARCH_USER_PATHS = NO;
				CLANG_ANALYZER_NONNULL = YES;
				CLANG_ANALYZER_NUMBER_OBJECT_CONVERSION = YES_AGGRESSIVE;
				CLANG_CXX_LANGUAGE_STANDARD = "gnu++0x";
				CLANG_CXX_LIBRARY = "libc++";
				CLANG_ENABLE_MODULES = YES;
				CLANG_ENABLE_OBJC_ARC = YES;
				CLANG_WARN_BOOL_CONVERSION = YES;
				CLANG_WARN_CONSTANT_CONVERSION = YES;
				CLANG_WARN_DIRECT_OBJC_ISA_USAGE = YES_ERROR;
				CLANG_WARN_DOCUMENTATION_COMMENTS = YES;
				CLANG_WARN_EMPTY_BODY = YES;
				CLANG_WARN_ENUM_CONVERSION = YES;
				CLANG_WARN_INFINITE_RECURSION = YES;
				CLANG_WARN_INT_CONVERSION = YES;
				CLANG_WARN_OBJC_ROOT_CLASS = YES_ERROR;
				CLANG_WARN_SUSPICIOUS_MOVE = YES;
				CLANG_WARN_UNREACHABLE_CODE = YES;
				CLANG_WARN__DUPLICATE_METHOD_MATCH = YES;
				"CODE_SIGN_IDENTITY[sdk=iphoneos*]" = "iPhone Developer";
				COPY_PHASE_STRIP = NO;
				DEBUG_INFORMATION_FORMAT = "dwarf-with-dsym";
				ENABLE_NS_ASSERTIONS = NO;
				ENABLE_STRICT_OBJC_MSGSEND = YES;
				GCC_C_LANGUAGE_STANDARD = gnu99;
				GCC_NO_COMMON_BLOCKS = YES;
				GCC_WARN_64_TO_32_BIT_CONVERSION = YES;
				GCC_WARN_ABOUT_RETURN_TYPE = YES_ERROR;
				GCC_WARN_UNDECLARED_SELECTOR = YES;
				GCC_WARN_UNINITIALIZED_AUTOS = YES_AGGRESSIVE;
				GCC_WARN_UNUSED_FUNCTION = YES;
				GCC_WARN_UNUSED_VARIABLE = YES;
				IPHONEOS_DEPLOYMENT_TARGET = 10.3;
				MTL_ENABLE_DEBUG_INFO = NO;
				SDKROOT = iphoneos;
				SWIFT_OPTIMIZATION_LEVEL = "-Owholemodule";
				VALIDATE_PRODUCT = YES;
			};
			name = Release;
		};
		B3EAA66D1F5734BF001BC71B /* Debug */ = {
			isa = XCBuildConfiguration;
			buildSettings = {
				ASSETCATALOG_COMPILER_APPICON_NAME = AppIcon;
				INFOPLIST_FILE = Restrictions/Info.plist;
				LD_RUNPATH_SEARCH_PATHS = "$(inherited) @executable_path/Frameworks";
				PRODUCT_BUNDLE_IDENTIFIER = juanmurillo.Restrictions;
				PRODUCT_NAME = "$(TARGET_NAME)";
				SWIFT_VERSION = 3.0;
			};
			name = Debug;
		};
		B3EAA66E1F5734BF001BC71B /* Release */ = {
			isa = XCBuildConfiguration;
			buildSettings = {
				ASSETCATALOG_COMPILER_APPICON_NAME = AppIcon;
				INFOPLIST_FILE = Restrictions/Info.plist;
				LD_RUNPATH_SEARCH_PATHS = "$(inherited) @executable_path/Frameworks";
				PRODUCT_BUNDLE_IDENTIFIER = juanmurillo.Restrictions;
				PRODUCT_NAME = "$(TARGET_NAME)";
				SWIFT_VERSION = 3.0;
			};
			name = Release;
		};
/* End XCBuildConfiguration section */

/* Begin XCConfigurationList section */
		B3EAA6551F5734BF001BC71B /* Build configuration list for PBXProject "Restrictions" */ = {
			isa = XCConfigurationList;
			buildConfigurations = (
				B3EAA66A1F5734BF001BC71B /* Debug */,
				B3EAA66B1F5734BF001BC71B /* Release */,
			);
			defaultConfigurationIsVisible = 0;
			defaultConfigurationName = Release;
		};
		B3EAA66C1F5734BF001BC71B /* Build configuration list for PBXNativeTarget "Restrictions" */ = {
			isa = XCConfigurationList;
			buildConfigurations = (
				B3EAA66D1F5734BF001BC71B /* Debug */,
				B3EAA66E1F5734BF001BC71B /* Release */,
			);
			defaultConfigurationIsVisible = 0;
		};
/* End XCConfigurationList section */
	};
	rootObject = B3EAA6521F5734BF001BC71B /* Project object */;
}
