// !$*UTF8*$!
{
	archiveVersion = 1;
	classes = {
	};
	objectVersion = 48;
	objects = {

/* Begin PBXBuildFile section */
		B341817B1F89D70B00DD7051 /* AppDelegate.swift in Sources */ = {isa = PBXBuildFile; fileRef = B341817A1F89D70B00DD7051 /* AppDelegate.swift */; };
		B341817D1F89D70B00DD7051 /* ViewController.swift in Sources */ = {isa = PBXBuildFile; fileRef = B341817C1F89D70B00DD7051 /* ViewController.swift */; };
		B34181801F89D70B00DD7051 /* Main.storyboard in Resources */ = {isa = PBXBuildFile; fileRef = B341817E1F89D70B00DD7051 /* Main.storyboard */; };
		B34181831F89D70B00DD7051 /* barcodev2.xcdatamodeld in Sources */ = {isa = PBXBuildFile; fileRef = B34181811F89D70B00DD7051 /* barcodev2.xcdatamodeld */; };
		B34181851F89D70B00DD7051 /* Assets.xcassets in Resources */ = {isa = PBXBuildFile; fileRef = B34181841F89D70B00DD7051 /* Assets.xcassets */; };
		B34181881F89D70B00DD7051 /* LaunchScreen.storyboard in Resources */ = {isa = PBXBuildFile; fileRef = B34181861F89D70B00DD7051 /* LaunchScreen.storyboard */; };
/* End PBXBuildFile section */

/* Begin PBXFileReference section */
		B34181771F89D70B00DD7051 /* barcodev2.app */ = {isa = PBXFileReference; explicitFileType = wrapper.application; includeInIndex = 0; path = barcodev2.app; sourceTree = BUILT_PRODUCTS_DIR; };
		B341817A1F89D70B00DD7051 /* AppDelegate.swift */ = {isa = PBXFileReference; lastKnownFileType = sourcecode.swift; path = AppDelegate.swift; sourceTree = "<group>"; };
		B341817C1F89D70B00DD7051 /* ViewController.swift */ = {isa = PBXFileReference; lastKnownFileType = sourcecode.swift; path = ViewController.swift; sourceTree = "<group>"; };
		B341817F1F89D70B00DD7051 /* Base */ = {isa = PBXFileReference; lastKnownFileType = file.storyboard; name = Base; path = Base.lproj/Main.storyboard; sourceTree = "<group>"; };
		B34181821F89D70B00DD7051 /* barcodev2.xcdatamodel */ = {isa = PBXFileReference; lastKnownFileType = wrapper.xcdatamodel; path = barcodev2.xcdatamodel; sourceTree = "<group>"; };
		B34181841F89D70B00DD7051 /* Assets.xcassets */ = {isa = PBXFileReference; lastKnownFileType = folder.assetcatalog; path = Assets.xcassets; sourceTree = "<group>"; };
		B34181871F89D70B00DD7051 /* Base */ = {isa = PBXFileReference; lastKnownFileType = file.storyboard; name = Base; path = Base.lproj/LaunchScreen.storyboard; sourceTree = "<group>"; };
		B34181891F89D70B00DD7051 /* Info.plist */ = {isa = PBXFileReference; lastKnownFileType = text.plist.xml; path = Info.plist; sourceTree = "<group>"; };
/* End PBXFileReference section */

/* Begin PBXFrameworksBuildPhase section */
		B34181741F89D70B00DD7051 /* Frameworks */ = {
			isa = PBXFrameworksBuildPhase;
			buildActionMask = 2147483647;
			files = (
			);
			runOnlyForDeploymentPostprocessing = 0;
		};
/* End PBXFrameworksBuildPhase section */

/* Begin PBXGroup section */
		B341816E1F89D70A00DD7051 = {
			isa = PBXGroup;
			children = (
				B34181791F89D70B00DD7051 /* barcodev2 */,
				B34181781F89D70B00DD7051 /* Products */,
			);
			sourceTree = "<group>";
		};
		B34181781F89D70B00DD7051 /* Products */ = {
			isa = PBXGroup;
			children = (
				B34181771F89D70B00DD7051 /* barcodev2.app */,
			);
			name = Products;
			sourceTree = "<group>";
		};
		B34181791F89D70B00DD7051 /* barcodev2 */ = {
			isa = PBXGroup;
			children = (
				B341817A1F89D70B00DD7051 /* AppDelegate.swift */,
				B341817C1F89D70B00DD7051 /* ViewController.swift */,
				B341817E1F89D70B00DD7051 /* Main.storyboard */,
				B34181841F89D70B00DD7051 /* Assets.xcassets */,
				B34181861F89D70B00DD7051 /* LaunchScreen.storyboard */,
				B34181891F89D70B00DD7051 /* Info.plist */,
				B34181811F89D70B00DD7051 /* barcodev2.xcdatamodeld */,
			);
			path = barcodev2;
			sourceTree = "<group>";
		};
/* End PBXGroup section */

/* Begin PBXNativeTarget section */
		B34181761F89D70B00DD7051 /* barcodev2 */ = {
			isa = PBXNativeTarget;
			buildConfigurationList = B341818C1F89D70B00DD7051 /* Build configuration list for PBXNativeTarget "barcodev2" */;
			buildPhases = (
				B34181731F89D70B00DD7051 /* Sources */,
				B34181741F89D70B00DD7051 /* Frameworks */,
				B34181751F89D70B00DD7051 /* Resources */,
			);
			buildRules = (
			);
			dependencies = (
			);
			name = barcodev2;
			productName = barcodev2;
			productReference = B34181771F89D70B00DD7051 /* barcodev2.app */;
			productType = "com.apple.product-type.application";
		};
/* End PBXNativeTarget section */

/* Begin PBXProject section */
		B341816F1F89D70A00DD7051 /* Project object */ = {
			isa = PBXProject;
			attributes = {
				LastSwiftUpdateCheck = 0900;
				LastUpgradeCheck = 0900;
				ORGANIZATIONNAME = "Juan Murillo";
				TargetAttributes = {
					B34181761F89D70B00DD7051 = {
						CreatedOnToolsVersion = 9.0;
						ProvisioningStyle = Automatic;
					};
				};
			};
			buildConfigurationList = B34181721F89D70A00DD7051 /* Build configuration list for PBXProject "barcodev2" */;
			compatibilityVersion = "Xcode 8.0";
			developmentRegion = en;
			hasScannedForEncodings = 0;
			knownRegions = (
				en,
				Base,
			);
			mainGroup = B341816E1F89D70A00DD7051;
			productRefGroup = B34181781F89D70B00DD7051 /* Products */;
			projectDirPath = "";
			projectRoot = "";
			targets = (
				B34181761F89D70B00DD7051 /* barcodev2 */,
			);
		};
/* End PBXProject section */

/* Begin PBXResourcesBuildPhase section */
		B34181751F89D70B00DD7051 /* Resources */ = {
			isa = PBXResourcesBuildPhase;
			buildActionMask = 2147483647;
			files = (
				B34181881F89D70B00DD7051 /* LaunchScreen.storyboard in Resources */,
				B34181851F89D70B00DD7051 /* Assets.xcassets in Resources */,
				B34181801F89D70B00DD7051 /* Main.storyboard in Resources */,
			);
			runOnlyForDeploymentPostprocessing = 0;
		};
/* End PBXResourcesBuildPhase section */

/* Begin PBXSourcesBuildPhase section */
		B34181731F89D70B00DD7051 /* Sources */ = {
			isa = PBXSourcesBuildPhase;
			buildActionMask = 2147483647;
			files = (
				B341817D1F89D70B00DD7051 /* ViewController.swift in Sources */,
				B341817B1F89D70B00DD7051 /* AppDelegate.swift in Sources */,
				B34181831F89D70B00DD7051 /* barcodev2.xcdatamodeld in Sources */,
			);
			runOnlyForDeploymentPostprocessing = 0;
		};
/* End PBXSourcesBuildPhase section */

/* Begin PBXVariantGroup section */
		B341817E1F89D70B00DD7051 /* Main.storyboard */ = {
			isa = PBXVariantGroup;
			children = (
				B341817F1F89D70B00DD7051 /* Base */,
			);
			name = Main.storyboard;
			sourceTree = "<group>";
		};
		B34181861F89D70B00DD7051 /* LaunchScreen.storyboard */ = {
			isa = PBXVariantGroup;
			children = (
				B34181871F89D70B00DD7051 /* Base */,
			);
			name = LaunchScreen.storyboard;
			sourceTree = "<group>";
		};
/* End PBXVariantGroup section */

/* Begin XCBuildConfiguration section */
		B341818A1F89D70B00DD7051 /* Debug */ = {
			isa = XCBuildConfiguration;
			buildSettings = {
				ALWAYS_SEARCH_USER_PATHS = NO;
				CLANG_ANALYZER_NONNULL = YES;
				CLANG_ANALYZER_NUMBER_OBJECT_CONVERSION = YES_AGGRESSIVE;
				CLANG_CXX_LANGUAGE_STANDARD = "gnu++14";
				CLANG_CXX_LIBRARY = "libc++";
				CLANG_ENABLE_MODULES = YES;
				CLANG_ENABLE_OBJC_ARC = YES;
				CLANG_WARN_BLOCK_CAPTURE_AUTORELEASING = YES;
				CLANG_WARN_BOOL_CONVERSION = YES;
				CLANG_WARN_COMMA = YES;
				CLANG_WARN_CONSTANT_CONVERSION = YES;
				CLANG_WARN_DIRECT_OBJC_ISA_USAGE = YES_ERROR;
				CLANG_WARN_DOCUMENTATION_COMMENTS = YES;
				CLANG_WARN_EMPTY_BODY = YES;
				CLANG_WARN_ENUM_CONVERSION = YES;
				CLANG_WARN_INFINITE_RECURSION = YES;
				CLANG_WARN_INT_CONVERSION = YES;
				CLANG_WARN_NON_LITERAL_NULL_CONVERSION = YES;
				CLANG_WARN_OBJC_LITERAL_CONVERSION = YES;
				CLANG_WARN_OBJC_ROOT_CLASS = YES_ERROR;
				CLANG_WARN_RANGE_LOOP_ANALYSIS = YES;
				CLANG_WARN_STRICT_PROTOTYPES = YES;
				CLANG_WARN_SUSPICIOUS_MOVE = YES;
				CLANG_WARN_UNGUARDED_AVAILABILITY = YES_AGGRESSIVE;
				CLANG_WARN_UNREACHABLE_CODE = YES;
				CLANG_WARN__DUPLICATE_METHOD_MATCH = YES;
				CODE_SIGN_IDENTITY = "iPhone Developer";
				COPY_PHASE_STRIP = NO;
				DEBUG_INFORMATION_FORMAT = dwarf;
				ENABLE_STRICT_OBJC_MSGSEND = YES;
				ENABLE_TESTABILITY = YES;
				GCC_C_LANGUAGE_STANDARD = gnu11;
				GCC_DYNAMIC_NO_PIC = NO;
				GCC_NO_COMMON_BLOCKS = YES;
				GCC_OPTIMIZATION_LEVEL = 0;
				GCC_PREPROCESSOR_DEFINITIONS = (
					"DEBUG=1",
					"$(inherited)",
				);
				GCC_WARN_64_TO_32_BIT_CONVERSION = YES;
				GCC_WARN_ABOUT_RETURN_TYPE = YES_ERROR;
				GCC_WARN_UNDECLARED_SELECTOR = YES;
				GCC_WARN_UNINITIALIZED_AUTOS = YES_AGGRESSIVE;
				GCC_WARN_UNUSED_FUNCTION = YES;
				GCC_WARN_UNUSED_VARIABLE = YES;
				IPHONEOS_DEPLOYMENT_TARGET = 11.0;
				MTL_ENABLE_DEBUG_INFO = YES;
				ONLY_ACTIVE_ARCH = YES;
				SDKROOT = iphoneos;
				SWIFT_ACTIVE_COMPILATION_CONDITIONS = DEBUG;
				SWIFT_OPTIMIZATION_LEVEL = "-Onone";
			};
			name = Debug;
		};
		B341818B1F89D70B00DD7051 /* Release */ = {
			isa = XCBuildConfiguration;
			buildSettings = {
				ALWAYS_SEARCH_USER_PATHS = NO;
				CLANG_ANALYZER_NONNULL = YES;
				CLANG_ANALYZER_NUMBER_OBJECT_CONVERSION = YES_AGGRESSIVE;
				CLANG_CXX_LANGUAGE_STANDARD = "gnu++14";
				CLANG_CXX_LIBRARY = "libc++";
				CLANG_ENABLE_MODULES = YES;
				CLANG_ENABLE_OBJC_ARC = YES;
				CLANG_WARN_BLOCK_CAPTURE_AUTORELEASING = YES;
				CLANG_WARN_BOOL_CONVERSION = YES;
				CLANG_WARN_COMMA = YES;
				CLANG_WARN_CONSTANT_CONVERSION = YES;
				CLANG_WARN_DIRECT_OBJC_ISA_USAGE = YES_ERROR;
				CLANG_WARN_DOCUMENTATION_COMMENTS = YES;
				CLANG_WARN_EMPTY_BODY = YES;
				CLANG_WARN_ENUM_CONVERSION = YES;
				CLANG_WARN_INFINITE_RECURSION = YES;
				CLANG_WARN_INT_CONVERSION = YES;
				CLANG_WARN_NON_LITERAL_NULL_CONVERSION = YES;
				CLANG_WARN_OBJC_LITERAL_CONVERSION = YES;
				CLANG_WARN_OBJC_ROOT_CLASS = YES_ERROR;
				CLANG_WARN_RANGE_LOOP_ANALYSIS = YES;
				CLANG_WARN_STRICT_PROTOTYPES = YES;
				CLANG_WARN_SUSPICIOUS_MOVE = YES;
				CLANG_WARN_UNGUARDED_AVAILABILITY = YES_AGGRESSIVE;
				CLANG_WARN_UNREACHABLE_CODE = YES;
				CLANG_WARN__DUPLICATE_METHOD_MATCH = YES;
				CODE_SIGN_IDENTITY = "iPhone Developer";
				COPY_PHASE_STRIP = NO;
				DEBUG_INFORMATION_FORMAT = "dwarf-with-dsym";
				ENABLE_NS_ASSERTIONS = NO;
				ENABLE_STRICT_OBJC_MSGSEND = YES;
				GCC_C_LANGUAGE_STANDARD = gnu11;
				GCC_NO_COMMON_BLOCKS = YES;
				GCC_WARN_64_TO_32_BIT_CONVERSION = YES;
				GCC_WARN_ABOUT_RETURN_TYPE = YES_ERROR;
				GCC_WARN_UNDECLARED_SELECTOR = YES;
				GCC_WARN_UNINITIALIZED_AUTOS = YES_AGGRESSIVE;
				GCC_WARN_UNUSED_FUNCTION = YES;
				GCC_WARN_UNUSED_VARIABLE = YES;
				IPHONEOS_DEPLOYMENT_TARGET = 11.0;
				MTL_ENABLE_DEBUG_INFO = NO;
				SDKROOT = iphoneos;
				SWIFT_OPTIMIZATION_LEVEL = "-Owholemodule";
				VALIDATE_PRODUCT = YES;
			};
			name = Release;
		};
		B341818D1F89D70B00DD7051 /* Debug */ = {
			isa = XCBuildConfiguration;
			buildSettings = {
				ASSETCATALOG_COMPILER_APPICON_NAME = AppIcon;
				CODE_SIGN_STYLE = Automatic;
				DEVELOPMENT_TEAM = 73EV7S96D6;
				INFOPLIST_FILE = barcodev2/Info.plist;
				LD_RUNPATH_SEARCH_PATHS = "$(inherited) @executable_path/Frameworks";
				PRODUCT_BUNDLE_IDENTIFIER = juanmurillo.barcodev2;
				PRODUCT_NAME = "$(TARGET_NAME)";
				SWIFT_VERSION = 4.0;
				TARGETED_DEVICE_FAMILY = "1,2";
			};
			name = Debug;
		};
		B341818E1F89D70B00DD7051 /* Release */ = {
			isa = XCBuildConfiguration;
			buildSettings = {
				ASSETCATALOG_COMPILER_APPICON_NAME = AppIcon;
				CODE_SIGN_STYLE = Automatic;
				DEVELOPMENT_TEAM = 73EV7S96D6;
				INFOPLIST_FILE = barcodev2/Info.plist;
				LD_RUNPATH_SEARCH_PATHS = "$(inherited) @executable_path/Frameworks";
				PRODUCT_BUNDLE_IDENTIFIER = juanmurillo.barcodev2;
				PRODUCT_NAME = "$(TARGET_NAME)";
				SWIFT_VERSION = 4.0;
				TARGETED_DEVICE_FAMILY = "1,2";
			};
			name = Release;
		};
/* End XCBuildConfiguration section */

/* Begin XCConfigurationList section */
		B34181721F89D70A00DD7051 /* Build configuration list for PBXProject "barcodev2" */ = {
			isa = XCConfigurationList;
			buildConfigurations = (
				B341818A1F89D70B00DD7051 /* Debug */,
				B341818B1F89D70B00DD7051 /* Release */,
			);
			defaultConfigurationIsVisible = 0;
			defaultConfigurationName = Release;
		};
		B341818C1F89D70B00DD7051 /* Build configuration list for PBXNativeTarget "barcodev2" */ = {
			isa = XCConfigurationList;
			buildConfigurations = (
				B341818D1F89D70B00DD7051 /* Debug */,
				B341818E1F89D70B00DD7051 /* Release */,
			);
			defaultConfigurationIsVisible = 0;
			defaultConfigurationName = Release;
		};
/* End XCConfigurationList section */

/* Begin XCVersionGroup section */
		B34181811F89D70B00DD7051 /* barcodev2.xcdatamodeld */ = {
			isa = XCVersionGroup;
			children = (
				B34181821F89D70B00DD7051 /* barcodev2.xcdatamodel */,
			);
			currentVersion = B34181821F89D70B00DD7051 /* barcodev2.xcdatamodel */;
			path = barcodev2.xcdatamodeld;
			sourceTree = "<group>";
			versionGroupType = wrapper.xcdatamodel;
		};
/* End XCVersionGroup section */
	};
	rootObject = B341816F1F89D70A00DD7051 /* Project object */;
}
